
Microsoft Visual Studio Solution File, Format Version 12.00
# Visual Studio Version 17
VisualStudioVersion = 17.14.36518.9 d17.14
MinimumVisualStudioVersion = 10.0.40219.1
Project("{FAE04EC0-301F-11D3-BF4B-00C04F79EFBC}") = "math-games", "math-games\math-games.csproj", "{8F627CA9-5A60-4BAA-9310-414BDA7039E6}"
EndProject
Global
	GlobalSection(SolutionConfigurationPlatforms) = preSolution
		Debug|Any CPU = Debug|Any CPU
		Release|Any CPU = Release|Any CPU
	EndGlobalSection
	GlobalSection(ProjectConfigurationPlatforms) = postSolution
		{8F627CA9-5A60-4BAA-9310-414BDA7039E6}.Debug|Any CPU.ActiveCfg = Debug|Any CPU
		{8F627CA9-5A60-4BAA-9310-414BDA7039E6}.Debug|Any CPU.Build.0 = Debug|Any CPU
		{8F627CA9-5A60-4BAA-9310-414BDA7039E6}.Release|Any CPU.ActiveCfg = Release|Any CPU
		{8F627CA9-5A60-4BAA-9310-414BDA7039E6}.Release|Any CPU.Build.0 = Release|Any CPU
	EndGlobalSection
	GlobalSection(SolutionProperties) = preSolution
		HideSolutionNode = FALSE
	EndGlobalSection
	GlobalSection(ExtensibilityGlobals) = postSolution
		SolutionGuid = {F6B8075B-E6C3-4A24-AC13-8EF133281B0C}
	EndGlobalSection
EndGlobal
